// !$*UTF8*$!
{
	archiveVersion = 1;
	classes = {
	};
	objectVersion = 56;
	objects = {

/* Begin PBXBuildFile section */
		18192DF82C332E7E00F34C6D /* AppDelegate.swift in Sources */ = {isa = PBXBuildFile; fileRef = 18192DF72C332E7E00F34C6D /* AppDelegate.swift */; };
		18192DFA2C332E7E00F34C6D /* SceneDelegate.swift in Sources */ = {isa = PBXBuildFile; fileRef = 18192DF92C332E7E00F34C6D /* SceneDelegate.swift */; };
		18192E012C332E7F00F34C6D /* Assets.xcassets in Resources */ = {isa = PBXBuildFile; fileRef = 18192E002C332E7F00F34C6D /* Assets.xcassets */; };
		18192E042C332E7F00F34C6D /* LaunchScreen.storyboard in Resources */ = {isa = PBXBuildFile; fileRef = 18192E022C332E7F00F34C6D /* LaunchScreen.storyboard */; };
		18192E0C2C332F8C00F34C6D /* TabbarVC.swift in Sources */ = {isa = PBXBuildFile; fileRef = 18192E0B2C332F8C00F34C6D /* TabbarVC.swift */; };
		18192E0E2C332FAF00F34C6D /* PostsVC.swift in Sources */ = {isa = PBXBuildFile; fileRef = 18192E0D2C332FAF00F34C6D /* PostsVC.swift */; };
		18192E102C332FC300F34C6D /* AlbumsVC.swift in Sources */ = {isa = PBXBuildFile; fileRef = 18192E0F2C332FC300F34C6D /* AlbumsVC.swift */; };
		18192E122C332FD900F34C6D /* PhotosVC.swift in Sources */ = {isa = PBXBuildFile; fileRef = 18192E112C332FD900F34C6D /* PhotosVC.swift */; };
		18192E142C332FE100F34C6D /* UsersVC.swift in Sources */ = {isa = PBXBuildFile; fileRef = 18192E132C332FE100F34C6D /* UsersVC.swift */; };
		18192E162C3EA2B900F34C6D /* ApiManager.swift in Sources */ = {isa = PBXBuildFile; fileRef = 18192E152C3EA2B900F34C6D /* ApiManager.swift */; };
		18192E192C3EA50C00F34C6D /* Helper.swift in Sources */ = {isa = PBXBuildFile; fileRef = 18192E182C3EA50C00F34C6D /* Helper.swift */; };
		18192E1B2C3EA86B00F34C6D /* Models.swift in Sources */ = {isa = PBXBuildFile; fileRef = 18192E1A2C3EA86B00F34C6D /* Models.swift */; };
/* End PBXBuildFile section */

/* Begin PBXFileReference section */
		18192DF42C332E7E00F34C6D /* URLSessionPractice.app */ = {isa = PBXFileReference; explicitFileType = wrapper.application; includeInIndex = 0; path = URLSessionPractice.app; sourceTree = BUILT_PRODUCTS_DIR; };
		18192DF72C332E7E00F34C6D /* AppDelegate.swift */ = {isa = PBXFileReference; lastKnownFileType = sourcecode.swift; path = AppDelegate.swift; sourceTree = "<group>"; };
		18192DF92C332E7E00F34C6D /* SceneDelegate.swift */ = {isa = PBXFileReference; lastKnownFileType = sourcecode.swift; path = SceneDelegate.swift; sourceTree = "<group>"; };
		18192E002C332E7F00F34C6D /* Assets.xcassets */ = {isa = PBXFileReference; lastKnownFileType = folder.assetcatalog; path = Assets.xcassets; sourceTree = "<group>"; };
		18192E032C332E7F00F34C6D /* Base */ = {isa = PBXFileReference; lastKnownFileType = file.storyboard; name = Base; path = Base.lproj/LaunchScreen.storyboard; sourceTree = "<group>"; };
		18192E052C332E7F00F34C6D /* Info.plist */ = {isa = PBXFileReference; lastKnownFileType = text.plist.xml; path = Info.plist; sourceTree = "<group>"; };
		18192E0B2C332F8C00F34C6D /* TabbarVC.swift */ = {isa = PBXFileReference; lastKnownFileType = sourcecode.swift; path = TabbarVC.swift; sourceTree = "<group>"; };
		18192E0D2C332FAF00F34C6D /* PostsVC.swift */ = {isa = PBXFileReference; lastKnownFileType = sourcecode.swift; path = PostsVC.swift; sourceTree = "<group>"; };
		18192E0F2C332FC300F34C6D /* AlbumsVC.swift */ = {isa = PBXFileReference; lastKnownFileType = sourcecode.swift; path = AlbumsVC.swift; sourceTree = "<group>"; };
		18192E112C332FD900F34C6D /* PhotosVC.swift */ = {isa = PBXFileReference; lastKnownFileType = sourcecode.swift; path = PhotosVC.swift; sourceTree = "<group>"; };
		18192E132C332FE100F34C6D /* UsersVC.swift */ = {isa = PBXFileReference; lastKnownFileType = sourcecode.swift; path = UsersVC.swift; sourceTree = "<group>"; };
		18192E152C3EA2B900F34C6D /* ApiManager.swift */ = {isa = PBXFileReference; lastKnownFileType = sourcecode.swift; path = ApiManager.swift; sourceTree = "<group>"; };
		18192E182C3EA50C00F34C6D /* Helper.swift */ = {isa = PBXFileReference; lastKnownFileType = sourcecode.swift; path = Helper.swift; sourceTree = "<group>"; };
		18192E1A2C3EA86B00F34C6D /* Models.swift */ = {isa = PBXFileReference; lastKnownFileType = sourcecode.swift; path = Models.swift; sourceTree = "<group>"; };
/* End PBXFileReference section */

/* Begin PBXFrameworksBuildPhase section */
		18192DF12C332E7E00F34C6D /* Frameworks */ = {
			isa = PBXFrameworksBuildPhase;
			buildActionMask = 2147483647;
			files = (
			);
			runOnlyForDeploymentPostprocessing = 0;
		};
/* End PBXFrameworksBuildPhase section */

/* Begin PBXGroup section */
		18192DEB2C332E7E00F34C6D = {
			isa = PBXGroup;
			children = (
				18192DF62C332E7E00F34C6D /* URLSessionPractice */,
				18192DF52C332E7E00F34C6D /* Products */,
			);
			sourceTree = "<group>";
		};
		18192DF52C332E7E00F34C6D /* Products */ = {
			isa = PBXGroup;
			children = (
				18192DF42C332E7E00F34C6D /* URLSessionPractice.app */,
			);
			name = Products;
			sourceTree = "<group>";
		};
		18192DF62C332E7E00F34C6D /* URLSessionPractice */ = {
			isa = PBXGroup;
			children = (
				18192DF72C332E7E00F34C6D /* AppDelegate.swift */,
				18192DF92C332E7E00F34C6D /* SceneDelegate.swift */,
				18192E172C3EA4F900F34C6D /* NetworkManager */,
				18192E0B2C332F8C00F34C6D /* TabbarVC.swift */,
				18192E0D2C332FAF00F34C6D /* PostsVC.swift */,
				18192E0F2C332FC300F34C6D /* AlbumsVC.swift */,
				18192E112C332FD900F34C6D /* PhotosVC.swift */,
				18192E132C332FE100F34C6D /* UsersVC.swift */,
				18192E002C332E7F00F34C6D /* Assets.xcassets */,
				18192E022C332E7F00F34C6D /* LaunchScreen.storyboard */,
				18192E052C332E7F00F34C6D /* Info.plist */,
			);
			path = URLSessionPractice;
			sourceTree = "<group>";
		};
		18192E172C3EA4F900F34C6D /* NetworkManager */ = {
			isa = PBXGroup;
			children = (
				18192E152C3EA2B900F34C6D /* ApiManager.swift */,
				18192E182C3EA50C00F34C6D /* Helper.swift */,
				18192E1A2C3EA86B00F34C6D /* Models.swift */,
			);
			path = NetworkManager;
			sourceTree = "<group>";
		};
/* End PBXGroup section */

/* Begin PBXNativeTarget section */
		18192DF32C332E7E00F34C6D /* URLSessionPractice */ = {
			isa = PBXNativeTarget;
			buildConfigurationList = 18192E082C332E7F00F34C6D /* Build configuration list for PBXNativeTarget "URLSessionPractice" */;
			buildPhases = (
				18192DF02C332E7E00F34C6D /* Sources */,
				18192DF12C332E7E00F34C6D /* Frameworks */,
				18192DF22C332E7E00F34C6D /* Resources */,
			);
			buildRules = (
			);
			dependencies = (
			);
			name = URLSessionPractice;
			productName = URLSessionPractice;
			productReference = 18192DF42C332E7E00F34C6D /* URLSessionPractice.app */;
			productType = "com.apple.product-type.application";
		};
/* End PBXNativeTarget section */

/* Begin PBXProject section */
		18192DEC2C332E7E00F34C6D /* Project object */ = {
			isa = PBXProject;
			attributes = {
				BuildIndependentTargetsInParallel = 1;
				LastSwiftUpdateCheck = 1430;
				LastUpgradeCheck = 1430;
				TargetAttributes = {
					18192DF32C332E7E00F34C6D = {
						CreatedOnToolsVersion = 14.3.1;
					};
				};
			};
			buildConfigurationList = 18192DEF2C332E7E00F34C6D /* Build configuration list for PBXProject "URLSessionPractice" */;
			compatibilityVersion = "Xcode 14.0";
			developmentRegion = en;
			hasScannedForEncodings = 0;
			knownRegions = (
				en,
				Base,
			);
			mainGroup = 18192DEB2C332E7E00F34C6D;
			productRefGroup = 18192DF52C332E7E00F34C6D /* Products */;
			projectDirPath = "";
			projectRoot = "";
			targets = (
				18192DF32C332E7E00F34C6D /* URLSessionPractice */,
			);
		};
/* End PBXProject section */

/* Begin PBXResourcesBuildPhase section */
		18192DF22C332E7E00F34C6D /* Resources */ = {
			isa = PBXResourcesBuildPhase;
			buildActionMask = 2147483647;
			files = (
				18192E042C332E7F00F34C6D /* LaunchScreen.storyboard in Resources */,
				18192E012C332E7F00F34C6D /* Assets.xcassets in Resources */,
			);
			runOnlyForDeploymentPostprocessing = 0;
		};
/* End PBXResourcesBuildPhase section */

/* Begin PBXSourcesBuildPhase section */
		18192DF02C332E7E00F34C6D /* Sources */ = {
			isa = PBXSourcesBuildPhase;
			buildActionMask = 2147483647;
			files = (
				18192DF82C332E7E00F34C6D /* AppDelegate.swift in Sources */,
				18192E122C332FD900F34C6D /* PhotosVC.swift in Sources */,
				18192E102C332FC300F34C6D /* AlbumsVC.swift in Sources */,
				18192E142C332FE100F34C6D /* UsersVC.swift in Sources */,
				18192E162C3EA2B900F34C6D /* ApiManager.swift in Sources */,
				18192E192C3EA50C00F34C6D /* Helper.swift in Sources */,
				18192DFA2C332E7E00F34C6D /* SceneDelegate.swift in Sources */,
				18192E0E2C332FAF00F34C6D /* PostsVC.swift in Sources */,
				18192E0C2C332F8C00F34C6D /* TabbarVC.swift in Sources */,
				18192E1B2C3EA86B00F34C6D /* Models.swift in Sources */,
			);
			runOnlyForDeploymentPostprocessing = 0;
		};
/* End PBXSourcesBuildPhase section */

/* Begin PBXVariantGroup section */
		18192E022C332E7F00F34C6D /* LaunchScreen.storyboard */ = {
			isa = PBXVariantGroup;
			children = (
				18192E032C332E7F00F34C6D /* Base */,
			);
			name = LaunchScreen.storyboard;
			sourceTree = "<group>";
		};
/* End PBXVariantGroup section */

/* Begin XCBuildConfiguration section */
		18192E062C332E7F00F34C6D /* Debug */ = {
			isa = XCBuildConfiguration;
			buildSettings = {
				ALWAYS_SEARCH_USER_PATHS = NO;
				CLANG_ANALYZER_NONNULL = YES;
				CLANG_ANALYZER_NUMBER_OBJECT_CONVERSION = YES_AGGRESSIVE;
				CLANG_CXX_LANGUAGE_STANDARD = "gnu++20";
				CLANG_ENABLE_MODULES = YES;
				CLANG_ENABLE_OBJC_ARC = YES;
				CLANG_ENABLE_OBJC_WEAK = YES;
				CLANG_WARN_BLOCK_CAPTURE_AUTORELEASING = YES;
				CLANG_WARN_BOOL_CONVERSION = YES;
				CLANG_WARN_COMMA = YES;
				CLANG_WARN_CONSTANT_CONVERSION = YES;
				CLANG_WARN_DEPRECATED_OBJC_IMPLEMENTATIONS = YES;
				CLANG_WARN_DIRECT_OBJC_ISA_USAGE = YES_ERROR;
				CLANG_WARN_DOCUMENTATION_COMMENTS = YES;
				CLANG_WARN_EMPTY_BODY = YES;
				CLANG_WARN_ENUM_CONVERSION = YES;
				CLANG_WARN_INFINITE_RECURSION = YES;
				CLANG_WARN_INT_CONVERSION = YES;
				CLANG_WARN_NON_LITERAL_NULL_CONVERSION = YES;
				CLANG_WARN_OBJC_IMPLICIT_RETAIN_SELF = YES;
				CLANG_WARN_OBJC_LITERAL_CONVERSION = YES;
				CLANG_WARN_OBJC_ROOT_CLASS = YES_ERROR;
				CLANG_WARN_QUOTED_INCLUDE_IN_FRAMEWORK_HEADER = YES;
				CLANG_WARN_RANGE_LOOP_ANALYSIS = YES;
				CLANG_WARN_STRICT_PROTOTYPES = YES;
				CLANG_WARN_SUSPICIOUS_MOVE = YES;
				CLANG_WARN_UNGUARDED_AVAILABILITY = YES_AGGRESSIVE;
				CLANG_WARN_UNREACHABLE_CODE = YES;
				CLANG_WARN__DUPLICATE_METHOD_MATCH = YES;
				COPY_PHASE_STRIP = NO;
				DEBUG_INFORMATION_FORMAT = dwarf;
				ENABLE_STRICT_OBJC_MSGSEND = YES;
				ENABLE_TESTABILITY = YES;
				GCC_C_LANGUAGE_STANDARD = gnu11;
				GCC_DYNAMIC_NO_PIC = NO;
				GCC_NO_COMMON_BLOCKS = YES;
				GCC_OPTIMIZATION_LEVEL = 0;
				GCC_PREPROCESSOR_DEFINITIONS = (
					"DEBUG=1",
					"$(inherited)",
				);
				GCC_WARN_64_TO_32_BIT_CONVERSION = YES;
				GCC_WARN_ABOUT_RETURN_TYPE = YES_ERROR;
				GCC_WARN_UNDECLARED_SELECTOR = YES;
				GCC_WARN_UNINITIALIZED_AUTOS = YES_AGGRESSIVE;
				GCC_WARN_UNUSED_FUNCTION = YES;
				GCC_WARN_UNUSED_VARIABLE = YES;
				IPHONEOS_DEPLOYMENT_TARGET = 16.4;
				MTL_ENABLE_DEBUG_INFO = INCLUDE_SOURCE;
				MTL_FAST_MATH = YES;
				ONLY_ACTIVE_ARCH = YES;
				SDKROOT = iphoneos;
				SWIFT_ACTIVE_COMPILATION_CONDITIONS = DEBUG;
				SWIFT_OPTIMIZATION_LEVEL = "-Onone";
			};
			name = Debug;
		};
		18192E072C332E7F00F34C6D /* Release */ = {
			isa = XCBuildConfiguration;
			buildSettings = {
				ALWAYS_SEARCH_USER_PATHS = NO;
				CLANG_ANALYZER_NONNULL = YES;
				CLANG_ANALYZER_NUMBER_OBJECT_CONVERSION = YES_AGGRESSIVE;
				CLANG_CXX_LANGUAGE_STANDARD = "gnu++20";
				CLANG_ENABLE_MODULES = YES;
				CLANG_ENABLE_OBJC_ARC = YES;
				CLANG_ENABLE_OBJC_WEAK = YES;
				CLANG_WARN_BLOCK_CAPTURE_AUTORELEASING = YES;
				CLANG_WARN_BOOL_CONVERSION = YES;
				CLANG_WARN_COMMA = YES;
				CLANG_WARN_CONSTANT_CONVERSION = YES;
				CLANG_WARN_DEPRECATED_OBJC_IMPLEMENTATIONS = YES;
				CLANG_WARN_DIRECT_OBJC_ISA_USAGE = YES_ERROR;
				CLANG_WARN_DOCUMENTATION_COMMENTS = YES;
				CLANG_WARN_EMPTY_BODY = YES;
				CLANG_WARN_ENUM_CONVERSION = YES;
				CLANG_WARN_INFINITE_RECURSION = YES;
				CLANG_WARN_INT_CONVERSION = YES;
				CLANG_WARN_NON_LITERAL_NULL_CONVERSION = YES;
				CLANG_WARN_OBJC_IMPLICIT_RETAIN_SELF = YES;
				CLANG_WARN_OBJC_LITERAL_CONVERSION = YES;
				CLANG_WARN_OBJC_ROOT_CLASS = YES_ERROR;
				CLANG_WARN_QUOTED_INCLUDE_IN_FRAMEWORK_HEADER = YES;
				CLANG_WARN_RANGE_LOOP_ANALYSIS = YES;
				CLANG_WARN_STRICT_PROTOTYPES = YES;
				CLANG_WARN_SUSPICIOUS_MOVE = YES;
				CLANG_WARN_UNGUARDED_AVAILABILITY = YES_AGGRESSIVE;
				CLANG_WARN_UNREACHABLE_CODE = YES;
				CLANG_WARN__DUPLICATE_METHOD_MATCH = YES;
				COPY_PHASE_STRIP = NO;
				DEBUG_INFORMATION_FORMAT = "dwarf-with-dsym";
				ENABLE_NS_ASSERTIONS = NO;
				ENABLE_STRICT_OBJC_MSGSEND = YES;
				GCC_C_LANGUAGE_STANDARD = gnu11;
				GCC_NO_COMMON_BLOCKS = YES;
				GCC_WARN_64_TO_32_BIT_CONVERSION = YES;
				GCC_WARN_ABOUT_RETURN_TYPE = YES_ERROR;
				GCC_WARN_UNDECLARED_SELECTOR = YES;
				GCC_WARN_UNINITIALIZED_AUTOS = YES_AGGRESSIVE;
				GCC_WARN_UNUSED_FUNCTION = YES;
				GCC_WARN_UNUSED_VARIABLE = YES;
				IPHONEOS_DEPLOYMENT_TARGET = 16.4;
				MTL_ENABLE_DEBUG_INFO = NO;
				MTL_FAST_MATH = YES;
				SDKROOT = iphoneos;
				SWIFT_COMPILATION_MODE = wholemodule;
				SWIFT_OPTIMIZATION_LEVEL = "-O";
				VALIDATE_PRODUCT = YES;
			};
			name = Release;
		};
		18192E092C332E7F00F34C6D /* Debug */ = {
			isa = XCBuildConfiguration;
			buildSettings = {
				ASSETCATALOG_COMPILER_APPICON_NAME = AppIcon;
				ASSETCATALOG_COMPILER_GLOBAL_ACCENT_COLOR_NAME = AccentColor;
				CODE_SIGN_STYLE = Automatic;
				CURRENT_PROJECT_VERSION = 1;
				GENERATE_INFOPLIST_FILE = YES;
				INFOPLIST_FILE = URLSessionPractice/Info.plist;
				INFOPLIST_KEY_UIApplicationSupportsIndirectInputEvents = YES;
				INFOPLIST_KEY_UILaunchStoryboardName = LaunchScreen;
				INFOPLIST_KEY_UISupportedInterfaceOrientations_iPad = "UIInterfaceOrientationPortrait UIInterfaceOrientationPortraitUpsideDown UIInterfaceOrientationLandscapeLeft UIInterfaceOrientationLandscapeRight";
				INFOPLIST_KEY_UISupportedInterfaceOrientations_iPhone = "UIInterfaceOrientationPortrait UIInterfaceOrientationLandscapeLeft UIInterfaceOrientationLandscapeRight";
				LD_RUNPATH_SEARCH_PATHS = (
					"$(inherited)",
					"@executable_path/Frameworks",
				);
				MARKETING_VERSION = 1.0;
				PRODUCT_BUNDLE_IDENTIFIER = com.seymur.URLSessionPractice;
				PRODUCT_NAME = "$(TARGET_NAME)";
				SWIFT_EMIT_LOC_STRINGS = YES;
				SWIFT_VERSION = 5.0;
				TARGETED_DEVICE_FAMILY = "1,2";
			};
			name = Debug;
		};
		18192E0A2C332E7F00F34C6D /* Release */ = {
			isa = XCBuildConfiguration;
			buildSettings = {
				ASSETCATALOG_COMPILER_APPICON_NAME = AppIcon;
				ASSETCATALOG_COMPILER_GLOBAL_ACCENT_COLOR_NAME = AccentColor;
				CODE_SIGN_STYLE = Automatic;
				CURRENT_PROJECT_VERSION = 1;
				GENERATE_INFOPLIST_FILE = YES;
				INFOPLIST_FILE = URLSessionPractice/Info.plist;
				INFOPLIST_KEY_UIApplicationSupportsIndirectInputEvents = YES;
				INFOPLIST_KEY_UILaunchStoryboardName = LaunchScreen;
				INFOPLIST_KEY_UISupportedInterfaceOrientations_iPad = "UIInterfaceOrientationPortrait UIInterfaceOrientationPortraitUpsideDown UIInterfaceOrientationLandscapeLeft UIInterfaceOrientationLandscapeRight";
				INFOPLIST_KEY_UISupportedInterfaceOrientations_iPhone = "UIInterfaceOrientationPortrait UIInterfaceOrientationLandscapeLeft UIInterfaceOrientationLandscapeRight";
				LD_RUNPATH_SEARCH_PATHS = (
					"$(inherited)",
					"@executable_path/Frameworks",
				);
				MARKETING_VERSION = 1.0;
				PRODUCT_BUNDLE_IDENTIFIER = com.seymur.URLSessionPractice;
				PRODUCT_NAME = "$(TARGET_NAME)";
				SWIFT_EMIT_LOC_STRINGS = YES;
				SWIFT_VERSION = 5.0;
				TARGETED_DEVICE_FAMILY = "1,2";
			};
			name = Release;
		};
/* End XCBuildConfiguration section */

/* Begin XCConfigurationList section */
		18192DEF2C332E7E00F34C6D /* Build configuration list for PBXProject "URLSessionPractice" */ = {
			isa = XCConfigurationList;
			buildConfigurations = (
				18192E062C332E7F00F34C6D /* Debug */,
				18192E072C332E7F00F34C6D /* Release */,
			);
			defaultConfigurationIsVisible = 0;
			defaultConfigurationName = Release;
		};
		18192E082C332E7F00F34C6D /* Build configuration list for PBXNativeTarget "URLSessionPractice" */ = {
			isa = XCConfigurationList;
			buildConfigurations = (
				18192E092C332E7F00F34C6D /* Debug */,
				18192E0A2C332E7F00F34C6D /* Release */,
			);
			defaultConfigurationIsVisible = 0;
			defaultConfigurationName = Release;
		};
/* End XCConfigurationList section */
	};
	rootObject = 18192DEC2C332E7E00F34C6D /* Project object */;
}
